
Microsoft Visual Studio Solution File, Format Version 12.00
# Visual Studio Version 17
VisualStudioVersion = 17.4.33213.308
MinimumVisualStudioVersion = 10.0.40219.1
Project("{9A19103F-16F7-4668-BE54-9A1E7A4F7556}") = "Publisher", "Publisher\Publisher.csproj", "{7E79A4F3-E7B2-4279-B48B-6FDEFF2C2539}"
EndProject
Project("{9A19103F-16F7-4668-BE54-9A1E7A4F7556}") = "Subscriber", "Subscriber\Subscriber.csproj", "{8E5E56DD-08A0-4B6E-AB90-B9673A50DE49}"
EndProject
Global
	GlobalSection(SolutionConfigurationPlatforms) = preSolution
		Debug|Any CPU = Debug|Any CPU
		Release|Any CPU = Release|Any CPU
	EndGlobalSection
	GlobalSection(ProjectConfigurationPlatforms) = postSolution
		{7E79A4F3-E7B2-4279-B48B-6FDEFF2C2539}.Debug|Any CPU.ActiveCfg = Debug|Any CPU
		{7E79A4F3-E7B2-4279-B48B-6FDEFF2C2539}.Debug|Any CPU.Build.0 = Debug|Any CPU
		{7E79A4F3-E7B2-4279-B48B-6FDEFF2C2539}.Release|Any CPU.ActiveCfg = Release|Any CPU
		{7E79A4F3-E7B2-4279-B48B-6FDEFF2C2539}.Release|Any CPU.Build.0 = Release|Any CPU
		{8E5E56DD-08A0-4B6E-AB90-B9673A50DE49}.Debug|Any CPU.ActiveCfg = Debug|Any CPU
		{8E5E56DD-08A0-4B6E-AB90-B9673A50DE49}.Debug|Any CPU.Build.0 = Debug|Any CPU
		{8E5E56DD-08A0-4B6E-AB90-B9673A50DE49}.Release|Any CPU.ActiveCfg = Release|Any CPU
		{8E5E56DD-08A0-4B6E-AB90-B9673A50DE49}.Release|Any CPU.Build.0 = Release|Any CPU
	EndGlobalSection
	GlobalSection(SolutionProperties) = preSolution
		HideSolutionNode = FALSE
	EndGlobalSection
	GlobalSection(ExtensibilityGlobals) = postSolution
		SolutionGuid = {6BEC7BBE-4201-43F8-893F-64444D151B59}
	EndGlobalSection
EndGlobal
