
Microsoft Visual Studio Solution File, Format Version 12.00
# Visual Studio Version 17
VisualStudioVersion = 17.3.32901.215
MinimumVisualStudioVersion = 10.0.40219.1
Project("{FAE04EC0-301F-11D3-BF4B-00C04F79EFBC}") = "Publisher", "Publisher\Publisher.csproj", "{9FE444C7-1B18-41A9-B295-510E835FB40F}"
EndProject
Project("{FAE04EC0-301F-11D3-BF4B-00C04F79EFBC}") = "Subscriber", "Subscriber\Subscriber.csproj", "{BD26B0A8-9437-4449-84BE-1E32F2063F65}"
EndProject
Global
	GlobalSection(SolutionConfigurationPlatforms) = preSolution
		Debug|Any CPU = Debug|Any CPU
		Release|Any CPU = Release|Any CPU
	EndGlobalSection
	GlobalSection(ProjectConfigurationPlatforms) = postSolution
		{9FE444C7-1B18-41A9-B295-510E835FB40F}.Debug|Any CPU.ActiveCfg = Debug|Any CPU
		{9FE444C7-1B18-41A9-B295-510E835FB40F}.Debug|Any CPU.Build.0 = Debug|Any CPU
		{9FE444C7-1B18-41A9-B295-510E835FB40F}.Release|Any CPU.ActiveCfg = Release|Any CPU
		{9FE444C7-1B18-41A9-B295-510E835FB40F}.Release|Any CPU.Build.0 = Release|Any CPU
		{BD26B0A8-9437-4449-84BE-1E32F2063F65}.Debug|Any CPU.ActiveCfg = Debug|Any CPU
		{BD26B0A8-9437-4449-84BE-1E32F2063F65}.Debug|Any CPU.Build.0 = Debug|Any CPU
		{BD26B0A8-9437-4449-84BE-1E32F2063F65}.Release|Any CPU.ActiveCfg = Release|Any CPU
		{BD26B0A8-9437-4449-84BE-1E32F2063F65}.Release|Any CPU.Build.0 = Release|Any CPU
	EndGlobalSection
	GlobalSection(SolutionProperties) = preSolution
		HideSolutionNode = FALSE
	EndGlobalSection
	GlobalSection(ExtensibilityGlobals) = postSolution
		SolutionGuid = {984F1E1A-29DF-4CEB-8F49-5F072F6826A7}
	EndGlobalSection
EndGlobal
